{
  "version": 4,
  "terraform_version": "0.14.9",
  "serial": 14,
  "lineage": "1fec3a14-6c64-6b7f-c69c-a35399c9b883",
  "outputs": {
    "registry_hostname": {
      "value": "tubeflix.azurecr.io",
      "type": "string"
    },
    "registry_pw": {
      "value": "BPeiMxvs5cE+2hhRf=0Sr8mN6IR25ESc",
      "type": "string"
    },
    "registry_un": {
      "value": "tubeflix",
      "type": "string"
    }
  },
  "resources": [
    {
      "mode": "managed",
      "type": "azurerm_container_registry",
      "name": "container_registry",
      "provider": "provider[\"registry.terraform.io/hashicorp/azurerm\"]",
      "instances": [
        {
          "schema_version": 2,
          "attributes": {
            "admin_enabled": true,
            "admin_password": "BPeiMxvs5cE+2hhRf=0Sr8mN6IR25ESc",
            "admin_username": "tubeflix",
            "georeplication_locations": null,
            "id": "/subscriptions/0872f4c4-9e2b-455b-96f9-dfe052cecb1f/resourceGroups/flixtube/providers/Microsoft.ContainerRegistry/registries/tubeflix",
            "location": "westus",
            "login_server": "tubeflix.azurecr.io",
            "name": "tubeflix",
            "network_rule_set": [],
            "public_network_access_enabled": true,
            "resource_group_name": "flixtube",
            "retention_policy": [
              {
                "days": 7,
                "enabled": false
              }
            ],
            "sku": "Basic",
            "storage_account_id": null,
            "tags": null,
            "timeouts": null,
            "trust_policy": [
              {
                "enabled": false
              }
            ]
          },
          "sensitive_attributes": [],
          "private": "eyJlMmJmYjczMC1lY2FhLTExZTYtOGY4OC0zNDM2M2JjN2M0YzAiOnsiY3JlYXRlIjoxODAwMDAwMDAwMDAwLCJkZWxldGUiOjE4MDAwMDAwMDAwMDAsInJlYWQiOjMwMDAwMDAwMDAwMCwidXBkYXRlIjoxODAwMDAwMDAwMDAwfSwic2NoZW1hX3ZlcnNpb24iOiIyIn0=",
          "dependencies": [
            "azurerm_resource_group.flixtube"
          ]
        }
      ]
    },
    {
      "mode": "managed",
      "type": "azurerm_resource_group",
      "name": "flixtube",
      "provider": "provider[\"registry.terraform.io/hashicorp/azurerm\"]",
      "instances": [
        {
          "schema_version": 0,
          "attributes": {
            "id": "/subscriptions/0872f4c4-9e2b-455b-96f9-dfe052cecb1f/resourceGroups/flixtube",
            "location": "westus",
            "name": "flixtube",
            "tags": null,
            "timeouts": null
          },
          "sensitive_attributes": [],
          "private": "eyJlMmJmYjczMC1lY2FhLTExZTYtOGY4OC0zNDM2M2JjN2M0YzAiOnsiY3JlYXRlIjo1NDAwMDAwMDAwMDAwLCJkZWxldGUiOjU0MDAwMDAwMDAwMDAsInJlYWQiOjMwMDAwMDAwMDAwMCwidXBkYXRlIjo1NDAwMDAwMDAwMDAwfX0="
        }
      ]
    }
  ]
}
